// !$*UTF8*$!
{
	archiveVersion = 1;
	classes = {
	};
	objectVersion = 46;
	objects = {

/* Begin PBXBuildFile section */
		40FD5DEBE238CDB2A2D40A94 /* Pods_Weathered.framework in Frameworks */ = {isa = PBXBuildFile; fileRef = 75214237EB7DDB421ED333DF /* Pods_Weathered.framework */; };
		AD3BB3971EFE5FCA00B4C060 /* AppDelegate.swift in Sources */ = {isa = PBXBuildFile; fileRef = AD3BB3961EFE5FCA00B4C060 /* AppDelegate.swift */; };
		AD3BB3991EFE5FCA00B4C060 /* WeatherVC.swift in Sources */ = {isa = PBXBuildFile; fileRef = AD3BB3981EFE5FCA00B4C060 /* WeatherVC.swift */; };
		AD3BB39B1EFE5FCA00B4C060 /* Assets.xcassets in Resources */ = {isa = PBXBuildFile; fileRef = AD3BB39A1EFE5FCA00B4C060 /* Assets.xcassets */; };
		AD3BB39E1EFE5FCA00B4C060 /* Main.storyboard in Resources */ = {isa = PBXBuildFile; fileRef = AD3BB39C1EFE5FCA00B4C060 /* Main.storyboard */; };
		AD3BB3AA1F0285EE00B4C060 /* WeatherCell.xib in Resources */ = {isa = PBXBuildFile; fileRef = AD3BB3A91F0285EE00B4C060 /* WeatherCell.xib */; };
		AD3BB3AC1F0286AB00B4C060 /* WeatherCell.swift in Sources */ = {isa = PBXBuildFile; fileRef = AD3BB3AB1F0286AB00B4C060 /* WeatherCell.swift */; };
		AD3BB3AF1F02B68500B4C060 /* Constants.swift in Sources */ = {isa = PBXBuildFile; fileRef = AD3BB3AE1F02B68500B4C060 /* Constants.swift */; };
		AD3BB3B11F02B99F00B4C060 /* APIKEYS.swift in Sources */ = {isa = PBXBuildFile; fileRef = AD3BB3B01F02B99F00B4C060 /* APIKEYS.swift */; };
		AD3F7C401F02CAE7005E923E /* WeatherService.swift in Sources */ = {isa = PBXBuildFile; fileRef = AD3F7C3F1F02CAE7005E923E /* WeatherService.swift */; };
/* End PBXBuildFile section */

/* Begin PBXFileReference section */
		3B3ACDC2A08F529B304A7A86 /* Pods-Weathered.release.xcconfig */ = {isa = PBXFileReference; includeInIndex = 1; lastKnownFileType = text.xcconfig; name = "Pods-Weathered.release.xcconfig"; path = "Pods/Target Support Files/Pods-Weathered/Pods-Weathered.release.xcconfig"; sourceTree = "<group>"; };
		41698A4B7A03D38999F8C36A /* Pods-Weathered.debug.xcconfig */ = {isa = PBXFileReference; includeInIndex = 1; lastKnownFileType = text.xcconfig; name = "Pods-Weathered.debug.xcconfig"; path = "Pods/Target Support Files/Pods-Weathered/Pods-Weathered.debug.xcconfig"; sourceTree = "<group>"; };
		75214237EB7DDB421ED333DF /* Pods_Weathered.framework */ = {isa = PBXFileReference; explicitFileType = wrapper.framework; includeInIndex = 0; path = Pods_Weathered.framework; sourceTree = BUILT_PRODUCTS_DIR; };
		AD3BB3931EFE5FCA00B4C060 /* Weathered.app */ = {isa = PBXFileReference; explicitFileType = wrapper.application; includeInIndex = 0; path = Weathered.app; sourceTree = BUILT_PRODUCTS_DIR; };
		AD3BB3961EFE5FCA00B4C060 /* AppDelegate.swift */ = {isa = PBXFileReference; lastKnownFileType = sourcecode.swift; path = AppDelegate.swift; sourceTree = "<group>"; };
		AD3BB3981EFE5FCA00B4C060 /* WeatherVC.swift */ = {isa = PBXFileReference; lastKnownFileType = sourcecode.swift; path = WeatherVC.swift; sourceTree = "<group>"; };
		AD3BB39A1EFE5FCA00B4C060 /* Assets.xcassets */ = {isa = PBXFileReference; lastKnownFileType = folder.assetcatalog; path = Assets.xcassets; sourceTree = "<group>"; };
		AD3BB39D1EFE5FCA00B4C060 /* Base */ = {isa = PBXFileReference; lastKnownFileType = file.storyboard; name = Base; path = Base.lproj/Main.storyboard; sourceTree = "<group>"; };
		AD3BB39F1EFE5FCA00B4C060 /* Info.plist */ = {isa = PBXFileReference; lastKnownFileType = text.plist.xml; path = Info.plist; sourceTree = "<group>"; };
		AD3BB3A91F0285EE00B4C060 /* WeatherCell.xib */ = {isa = PBXFileReference; fileEncoding = 4; lastKnownFileType = file.xib; path = WeatherCell.xib; sourceTree = "<group>"; };
		AD3BB3AB1F0286AB00B4C060 /* WeatherCell.swift */ = {isa = PBXFileReference; fileEncoding = 4; lastKnownFileType = sourcecode.swift; path = WeatherCell.swift; sourceTree = "<group>"; };
		AD3BB3AE1F02B68500B4C060 /* Constants.swift */ = {isa = PBXFileReference; fileEncoding = 4; lastKnownFileType = sourcecode.swift; path = Constants.swift; sourceTree = "<group>"; };
		AD3BB3B01F02B99F00B4C060 /* APIKEYS.swift */ = {isa = PBXFileReference; fileEncoding = 4; lastKnownFileType = sourcecode.swift; path = APIKEYS.swift; sourceTree = "<group>"; };
		AD3F7C3F1F02CAE7005E923E /* WeatherService.swift */ = {isa = PBXFileReference; fileEncoding = 4; lastKnownFileType = sourcecode.swift; path = WeatherService.swift; sourceTree = "<group>"; };
/* End PBXFileReference section */

/* Begin PBXFrameworksBuildPhase section */
		AD3BB3901EFE5FCA00B4C060 /* Frameworks */ = {
			isa = PBXFrameworksBuildPhase;
			buildActionMask = 2147483647;
			files = (
				40FD5DEBE238CDB2A2D40A94 /* Pods_Weathered.framework in Frameworks */,
			);
			runOnlyForDeploymentPostprocessing = 0;
		};
/* End PBXFrameworksBuildPhase section */

/* Begin PBXGroup section */
		7A4E34D76164E8D91EE8F6B8 /* Frameworks */ = {
			isa = PBXGroup;
			children = (
				75214237EB7DDB421ED333DF /* Pods_Weathered.framework */,
			);
			name = Frameworks;
			sourceTree = "<group>";
		};
		AD3BB38A1EFE5FCA00B4C060 = {
			isa = PBXGroup;
			children = (
				AD3BB3951EFE5FCA00B4C060 /* Weathered */,
				AD3BB3941EFE5FCA00B4C060 /* Products */,
				BEAFCB0830565BC31D11B227 /* Pods */,
				7A4E34D76164E8D91EE8F6B8 /* Frameworks */,
			);
			sourceTree = "<group>";
		};
		AD3BB3941EFE5FCA00B4C060 /* Products */ = {
			isa = PBXGroup;
			children = (
				AD3BB3931EFE5FCA00B4C060 /* Weathered.app */,
			);
			name = Products;
			sourceTree = "<group>";
		};
		AD3BB3951EFE5FCA00B4C060 /* Weathered */ = {
			isa = PBXGroup;
			children = (
				ADCF50E71F02C2D20077984C /* Services */,
				AD3BB3AD1F02B66400B4C060 /* Utilities */,
				AD3BB3A71F01C71C00B4C060 /* Controller */,
				AD3BB3A51F01C6D900B4C060 /* Model */,
				AD3BB3A61F01C6DF00B4C060 /* View */,
				AD3BB3A81F0285BC00B4C060 /* xibs */,
				AD3BB3961EFE5FCA00B4C060 /* AppDelegate.swift */,
				AD3BB39A1EFE5FCA00B4C060 /* Assets.xcassets */,
				AD3BB39C1EFE5FCA00B4C060 /* Main.storyboard */,
				AD3BB39F1EFE5FCA00B4C060 /* Info.plist */,
			);
			path = Weathered;
			sourceTree = "<group>";
		};
		AD3BB3A51F01C6D900B4C060 /* Model */ = {
			isa = PBXGroup;
			children = (
			);
			name = Model;
			sourceTree = "<group>";
		};
		AD3BB3A61F01C6DF00B4C060 /* View */ = {
			isa = PBXGroup;
			children = (
				AD3BB3AB1F0286AB00B4C060 /* WeatherCell.swift */,
			);
			name = View;
			sourceTree = "<group>";
		};
		AD3BB3A71F01C71C00B4C060 /* Controller */ = {
			isa = PBXGroup;
			children = (
				AD3BB3981EFE5FCA00B4C060 /* WeatherVC.swift */,
			);
			name = Controller;
			sourceTree = "<group>";
		};
		AD3BB3A81F0285BC00B4C060 /* xibs */ = {
			isa = PBXGroup;
			children = (
				AD3BB3A91F0285EE00B4C060 /* WeatherCell.xib */,
			);
			name = xibs;
			sourceTree = "<group>";
		};
		AD3BB3AD1F02B66400B4C060 /* Utilities */ = {
			isa = PBXGroup;
			children = (
				AD3BB3AE1F02B68500B4C060 /* Constants.swift */,
				AD3BB3B01F02B99F00B4C060 /* APIKEYS.swift */,
			);
			name = Utilities;
			sourceTree = "<group>";
		};
		ADCF50E71F02C2D20077984C /* Services */ = {
			isa = PBXGroup;
			children = (
				AD3F7C3F1F02CAE7005E923E /* WeatherService.swift */,
			);
			name = Services;
			sourceTree = "<group>";
		};
		BEAFCB0830565BC31D11B227 /* Pods */ = {
			isa = PBXGroup;
			children = (
				41698A4B7A03D38999F8C36A /* Pods-Weathered.debug.xcconfig */,
				3B3ACDC2A08F529B304A7A86 /* Pods-Weathered.release.xcconfig */,
			);
			name = Pods;
			sourceTree = "<group>";
		};
/* End PBXGroup section */

/* Begin PBXNativeTarget section */
		AD3BB3921EFE5FCA00B4C060 /* Weathered */ = {
			isa = PBXNativeTarget;
			buildConfigurationList = AD3BB3A21EFE5FCA00B4C060 /* Build configuration list for PBXNativeTarget "Weathered" */;
			buildPhases = (
				B43867F03F9CA44CFC4070E7 /* [CP] Check Pods Manifest.lock */,
				AD3BB38F1EFE5FCA00B4C060 /* Sources */,
				AD3BB3901EFE5FCA00B4C060 /* Frameworks */,
				AD3BB3911EFE5FCA00B4C060 /* Resources */,
				25D77908AC191534FCFAFF5D /* [CP] Embed Pods Frameworks */,
				0881B4CADEAC54B9FB5FA198 /* [CP] Copy Pods Resources */,
			);
			buildRules = (
			);
			dependencies = (
			);
			name = Weathered;
			productName = Weathered;
			productReference = AD3BB3931EFE5FCA00B4C060 /* Weathered.app */;
			productType = "com.apple.product-type.application";
		};
/* End PBXNativeTarget section */

/* Begin PBXProject section */
		AD3BB38B1EFE5FCA00B4C060 /* Project object */ = {
			isa = PBXProject;
			attributes = {
				LastSwiftUpdateCheck = 0830;
				LastUpgradeCheck = 0830;
				ORGANIZATIONNAME = joem;
				TargetAttributes = {
					AD3BB3921EFE5FCA00B4C060 = {
						CreatedOnToolsVersion = 8.3.3;
						DevelopmentTeam = HW434T2Z4D;
						ProvisioningStyle = Automatic;
					};
				};
			};
			buildConfigurationList = AD3BB38E1EFE5FCA00B4C060 /* Build configuration list for PBXProject "Weathered" */;
			compatibilityVersion = "Xcode 3.2";
			developmentRegion = English;
			hasScannedForEncodings = 0;
			knownRegions = (
				en,
				Base,
			);
			mainGroup = AD3BB38A1EFE5FCA00B4C060;
			productRefGroup = AD3BB3941EFE5FCA00B4C060 /* Products */;
			projectDirPath = "";
			projectRoot = "";
			targets = (
				AD3BB3921EFE5FCA00B4C060 /* Weathered */,
			);
		};
/* End PBXProject section */

/* Begin PBXResourcesBuildPhase section */
		AD3BB3911EFE5FCA00B4C060 /* Resources */ = {
			isa = PBXResourcesBuildPhase;
			buildActionMask = 2147483647;
			files = (
				AD3BB39B1EFE5FCA00B4C060 /* Assets.xcassets in Resources */,
				AD3BB39E1EFE5FCA00B4C060 /* Main.storyboard in Resources */,
				AD3BB3AA1F0285EE00B4C060 /* WeatherCell.xib in Resources */,
			);
			runOnlyForDeploymentPostprocessing = 0;
		};
/* End PBXResourcesBuildPhase section */

/* Begin PBXShellScriptBuildPhase section */
		0881B4CADEAC54B9FB5FA198 /* [CP] Copy Pods Resources */ = {
			isa = PBXShellScriptBuildPhase;
			buildActionMask = 2147483647;
			files = (
			);
			inputPaths = (
			);
			name = "[CP] Copy Pods Resources";
			outputPaths = (
			);
			runOnlyForDeploymentPostprocessing = 0;
			shellPath = /bin/sh;
			shellScript = "\"${SRCROOT}/Pods/Target Support Files/Pods-Weathered/Pods-Weathered-resources.sh\"\n";
			showEnvVarsInLog = 0;
		};
		25D77908AC191534FCFAFF5D /* [CP] Embed Pods Frameworks */ = {
			isa = PBXShellScriptBuildPhase;
			buildActionMask = 2147483647;
			files = (
			);
			inputPaths = (
			);
			name = "[CP] Embed Pods Frameworks";
			outputPaths = (
			);
			runOnlyForDeploymentPostprocessing = 0;
			shellPath = /bin/sh;
			shellScript = "\"${SRCROOT}/Pods/Target Support Files/Pods-Weathered/Pods-Weathered-frameworks.sh\"\n";
			showEnvVarsInLog = 0;
		};
		B43867F03F9CA44CFC4070E7 /* [CP] Check Pods Manifest.lock */ = {
			isa = PBXShellScriptBuildPhase;
			buildActionMask = 2147483647;
			files = (
			);
			inputPaths = (
			);
			name = "[CP] Check Pods Manifest.lock";
			outputPaths = (
			);
			runOnlyForDeploymentPostprocessing = 0;
			shellPath = /bin/sh;
			shellScript = "diff \"${PODS_PODFILE_DIR_PATH}/Podfile.lock\" \"${PODS_ROOT}/Manifest.lock\" > /dev/null\nif [ $? != 0 ] ; then\n    # print error to STDERR\n    echo \"error: The sandbox is not in sync with the Podfile.lock. Run 'pod install' or update your CocoaPods installation.\" >&2\n    exit 1\nfi\n";
			showEnvVarsInLog = 0;
		};
/* End PBXShellScriptBuildPhase section */

/* Begin PBXSourcesBuildPhase section */
		AD3BB38F1EFE5FCA00B4C060 /* Sources */ = {
			isa = PBXSourcesBuildPhase;
			buildActionMask = 2147483647;
			files = (
				AD3BB3991EFE5FCA00B4C060 /* WeatherVC.swift in Sources */,
				AD3BB3971EFE5FCA00B4C060 /* AppDelegate.swift in Sources */,
				AD3BB3AC1F0286AB00B4C060 /* WeatherCell.swift in Sources */,
				AD3BB3B11F02B99F00B4C060 /* APIKEYS.swift in Sources */,
				AD3F7C401F02CAE7005E923E /* WeatherService.swift in Sources */,
				AD3BB3AF1F02B68500B4C060 /* Constants.swift in Sources */,
			);
			runOnlyForDeploymentPostprocessing = 0;
		};
/* End PBXSourcesBuildPhase section */

/* Begin PBXVariantGroup section */
		AD3BB39C1EFE5FCA00B4C060 /* Main.storyboard */ = {
			isa = PBXVariantGroup;
			children = (
				AD3BB39D1EFE5FCA00B4C060 /* Base */,
			);
			name = Main.storyboard;
			sourceTree = "<group>";
		};
/* End PBXVariantGroup section */

/* Begin XCBuildConfiguration section */
		AD3BB3A01EFE5FCA00B4C060 /* Debug */ = {
			isa = XCBuildConfiguration;
			buildSettings = {
				ALWAYS_SEARCH_USER_PATHS = NO;
				CLANG_ANALYZER_NONNULL = YES;
				CLANG_ANALYZER_NUMBER_OBJECT_CONVERSION = YES_AGGRESSIVE;
				CLANG_CXX_LANGUAGE_STANDARD = "gnu++0x";
				CLANG_CXX_LIBRARY = "libc++";
				CLANG_ENABLE_MODULES = YES;
				CLANG_ENABLE_OBJC_ARC = YES;
				CLANG_WARN_BOOL_CONVERSION = YES;
				CLANG_WARN_CONSTANT_CONVERSION = YES;
				CLANG_WARN_DIRECT_OBJC_ISA_USAGE = YES_ERROR;
				CLANG_WARN_DOCUMENTATION_COMMENTS = YES;
				CLANG_WARN_EMPTY_BODY = YES;
				CLANG_WARN_ENUM_CONVERSION = YES;
				CLANG_WARN_INFINITE_RECURSION = YES;
				CLANG_WARN_INT_CONVERSION = YES;
				CLANG_WARN_OBJC_ROOT_CLASS = YES_ERROR;
				CLANG_WARN_SUSPICIOUS_MOVE = YES;
				CLANG_WARN_UNREACHABLE_CODE = YES;
				CLANG_WARN__DUPLICATE_METHOD_MATCH = YES;
				CODE_SIGN_IDENTITY = "-";
				COPY_PHASE_STRIP = NO;
				DEBUG_INFORMATION_FORMAT = dwarf;
				ENABLE_STRICT_OBJC_MSGSEND = YES;
				ENABLE_TESTABILITY = YES;
				GCC_C_LANGUAGE_STANDARD = gnu99;
				GCC_DYNAMIC_NO_PIC = NO;
				GCC_NO_COMMON_BLOCKS = YES;
				GCC_OPTIMIZATION_LEVEL = 0;
				GCC_PREPROCESSOR_DEFINITIONS = (
					"DEBUG=1",
					"$(inherited)",
				);
				GCC_WARN_64_TO_32_BIT_CONVERSION = YES;
				GCC_WARN_ABOUT_RETURN_TYPE = YES_ERROR;
				GCC_WARN_UNDECLARED_SELECTOR = YES;
				GCC_WARN_UNINITIALIZED_AUTOS = YES_AGGRESSIVE;
				GCC_WARN_UNUSED_FUNCTION = YES;
				GCC_WARN_UNUSED_VARIABLE = YES;
				MACOSX_DEPLOYMENT_TARGET = 10.12;
				MTL_ENABLE_DEBUG_INFO = YES;
				ONLY_ACTIVE_ARCH = YES;
				SDKROOT = macosx;
				SWIFT_ACTIVE_COMPILATION_CONDITIONS = DEBUG;
				SWIFT_OPTIMIZATION_LEVEL = "-Onone";
			};
			name = Debug;
		};
		AD3BB3A11EFE5FCA00B4C060 /* Release */ = {
			isa = XCBuildConfiguration;
			buildSettings = {
				ALWAYS_SEARCH_USER_PATHS = NO;
				CLANG_ANALYZER_NONNULL = YES;
				CLANG_ANALYZER_NUMBER_OBJECT_CONVERSION = YES_AGGRESSIVE;
				CLANG_CXX_LANGUAGE_STANDARD = "gnu++0x";
				CLANG_CXX_LIBRARY = "libc++";
				CLANG_ENABLE_MODULES = YES;
				CLANG_ENABLE_OBJC_ARC = YES;
				CLANG_WARN_BOOL_CONVERSION = YES;
				CLANG_WARN_CONSTANT_CONVERSION = YES;
				CLANG_WARN_DIRECT_OBJC_ISA_USAGE = YES_ERROR;
				CLANG_WARN_DOCUMENTATION_COMMENTS = YES;
				CLANG_WARN_EMPTY_BODY = YES;
				CLANG_WARN_ENUM_CONVERSION = YES;
				CLANG_WARN_INFINITE_RECURSION = YES;
				CLANG_WARN_INT_CONVERSION = YES;
				CLANG_WARN_OBJC_ROOT_CLASS = YES_ERROR;
				CLANG_WARN_SUSPICIOUS_MOVE = YES;
				CLANG_WARN_UNREACHABLE_CODE = YES;
				CLANG_WARN__DUPLICATE_METHOD_MATCH = YES;
				CODE_SIGN_IDENTITY = "-";
				COPY_PHASE_STRIP = NO;
				DEBUG_INFORMATION_FORMAT = "dwarf-with-dsym";
				ENABLE_NS_ASSERTIONS = NO;
				ENABLE_STRICT_OBJC_MSGSEND = YES;
				GCC_C_LANGUAGE_STANDARD = gnu99;
				GCC_NO_COMMON_BLOCKS = YES;
				GCC_WARN_64_TO_32_BIT_CONVERSION = YES;
				GCC_WARN_ABOUT_RETURN_TYPE = YES_ERROR;
				GCC_WARN_UNDECLARED_SELECTOR = YES;
				GCC_WARN_UNINITIALIZED_AUTOS = YES_AGGRESSIVE;
				GCC_WARN_UNUSED_FUNCTION = YES;
				GCC_WARN_UNUSED_VARIABLE = YES;
				MACOSX_DEPLOYMENT_TARGET = 10.12;
				MTL_ENABLE_DEBUG_INFO = NO;
				SDKROOT = macosx;
				SWIFT_OPTIMIZATION_LEVEL = "-Owholemodule";
			};
			name = Release;
		};
		AD3BB3A31EFE5FCA00B4C060 /* Debug */ = {
			isa = XCBuildConfiguration;
			baseConfigurationReference = 41698A4B7A03D38999F8C36A /* Pods-Weathered.debug.xcconfig */;
			buildSettings = {
				ASSETCATALOG_COMPILER_APPICON_NAME = AppIcon;
				CODE_SIGN_IDENTITY = "Mac Developer";
				COMBINE_HIDPI_IMAGES = YES;
				DEVELOPMENT_TEAM = HW434T2Z4D;
				INFOPLIST_FILE = Weathered/Info.plist;
				LD_RUNPATH_SEARCH_PATHS = "$(inherited) @executable_path/../Frameworks";
				PRODUCT_BUNDLE_IDENTIFIER = me.joemacdonald.Weathered;
				PRODUCT_NAME = "$(TARGET_NAME)";
				PROVISIONING_PROFILE_SPECIFIER = "";
				SWIFT_VERSION = 3.0;
			};
			name = Debug;
		};
		AD3BB3A41EFE5FCA00B4C060 /* Release */ = {
			isa = XCBuildConfiguration;
			baseConfigurationReference = 3B3ACDC2A08F529B304A7A86 /* Pods-Weathered.release.xcconfig */;
			buildSettings = {
				ASSETCATALOG_COMPILER_APPICON_NAME = AppIcon;
				CODE_SIGN_IDENTITY = "Mac Developer";
				COMBINE_HIDPI_IMAGES = YES;
				DEVELOPMENT_TEAM = HW434T2Z4D;
				INFOPLIST_FILE = Weathered/Info.plist;
				LD_RUNPATH_SEARCH_PATHS = "$(inherited) @executable_path/../Frameworks";
				PRODUCT_BUNDLE_IDENTIFIER = me.joemacdonald.Weathered;
				PRODUCT_NAME = "$(TARGET_NAME)";
				PROVISIONING_PROFILE_SPECIFIER = "";
				SWIFT_VERSION = 3.0;
			};
			name = Release;
		};
/* End XCBuildConfiguration section */

/* Begin XCConfigurationList section */
		AD3BB38E1EFE5FCA00B4C060 /* Build configuration list for PBXProject "Weathered" */ = {
			isa = XCConfigurationList;
			buildConfigurations = (
				AD3BB3A01EFE5FCA00B4C060 /* Debug */,
				AD3BB3A11EFE5FCA00B4C060 /* Release */,
			);
			defaultConfigurationIsVisible = 0;
			defaultConfigurationName = Release;
		};
		AD3BB3A21EFE5FCA00B4C060 /* Build configuration list for PBXNativeTarget "Weathered" */ = {
			isa = XCConfigurationList;
			buildConfigurations = (
				AD3BB3A31EFE5FCA00B4C060 /* Debug */,
				AD3BB3A41EFE5FCA00B4C060 /* Release */,
			);
			defaultConfigurationIsVisible = 0;
			defaultConfigurationName = Release;
		};
/* End XCConfigurationList section */
	};
	rootObject = AD3BB38B1EFE5FCA00B4C060 /* Project object */;
}
